{
    "_meta": {
        "hash": {
            "sha256": "7c1e6077223fccd2a20f6efcbb53bd90f6e3c012d8a23bd215b5f9667bd00955"
        },
        "pipfile-spec": 6,
        "requires": {
            "python_version": "3.8"
        },
        "sources": [
            {
                "name": "pypi",
                "url": "https://pypi.org/simple",
                "verify_ssl": true
            }
        ]
    },
    "default": {
        "gitdb": {
            "hashes": [
                "sha256:91f36bfb1ab7949b3b40e23736db18231bf7593edada2ba5c3a174a7b23657ac",
                "sha256:c9e1f2d0db7ddb9a704c2a0217be31214e91a4fe1dea1efad19ae42ba0c285c9"
            ],
            "index": "pypi",
            "version": "==4.0.5"
        },
        "gitpython": {
            "hashes": [
                "sha256:864a47472548f3ba716ca202e034c1900f197c0fb3a08f641c20c3cafd15ed94",
                "sha256:da3b2cf819974789da34f95ac218ef99f515a928685db141327c09b73dd69c09"
            ],
            "index": "pypi",
            "version": "==3.1.2"
        },
        "smmap": {
            "hashes": [
                "sha256:54c44c197c819d5ef1991799a7e30b662d1e520f2ac75c9efbeb54a742214cf4",
                "sha256:9c98bbd1f9786d22f14b3d4126894d56befb835ec90cef151af566c7e19b5d24"
            ],
            "version": "==3.0.4"
        }
    },
    "develop": {}
}
